
Microsoft Visual Studio Solution File, Format Version 12.00
# Visual Studio 2013
VisualStudioVersion = 12.0.40629.0
MinimumVisualStudioVersion = 10.0.40219.1
Project("{FAE04EC0-301F-11D3-BF4B-00C04F79EFBC}") = "Workflow", "Core\Workflow\Workflow.csproj", "{99D16D43-8156-4D09-BF54-CCCF61F8C167}"
EndProject
Project("{2150E333-8FDC-42A3-9474-1A3956D46DE8}") = "Core", "Core", "{FB4EE67C-220C-49BF-B490-896639403C02}"
EndProject
Project("{FAE04EC0-301F-11D3-BF4B-00C04F79EFBC}") = "Base", "Core\Base\Base.csproj", "{1C66F20C-5FED-40AC-AD3C-72ADE186D381}"
EndProject
Project("{FAE04EC0-301F-11D3-BF4B-00C04F79EFBC}") = "BusinessLogic", "Core\BusinessLogic\BusinessLogic.csproj", "{693CFA1E-B50F-4A5D-86E0-E4BFAED9BC9D}"
EndProject
Project("{FAE04EC0-301F-11D3-BF4B-00C04F79EFBC}") = "CoreImplementation", "Core\CoreImplementation\CoreImplementation.csproj", "{8F2318E7-50C5-4C38-B212-E65874A481EC}"
EndProject
Project("{2150E333-8FDC-42A3-9474-1A3956D46DE8}") = "Tests", "Tests", "{C11FFCC4-A760-4E02-982A-BB5D03BB7E66}"
EndProject
Project("{2150E333-8FDC-42A3-9474-1A3956D46DE8}") = "Extension", "Extension", "{46847E94-889E-45BA-ADD6-5B16223A0C92}"
EndProject
Project("{FAE04EC0-301F-11D3-BF4B-00C04F79EFBC}") = "BcImplementation", "Extension\BcImplementation\BcImplementation.csproj", "{53231E9D-E1BF-4DA7-B81D-127D1E83A45D}"
EndProject
Project("{FAE04EC0-301F-11D3-BF4B-00C04F79EFBC}") = "MbImplementation", "Extension\MbImplementation\MbImplementation.csproj", "{3DD2CF0D-3C98-4C32-B505-13BCA6B0A6C7}"
EndProject
Project("{FAE04EC0-301F-11D3-BF4B-00C04F79EFBC}") = "CoreWeb", "CoreWeb\CoreWeb.csproj", "{F031B449-8440-44C9-AB9F-E1F4C4C44112}"
EndProject
Project("{FAE04EC0-301F-11D3-BF4B-00C04F79EFBC}") = "CoreWeb.Tests", "Tests\CoreWeb.Tests\CoreWeb.Tests.csproj", "{6A9CFC51-D0C0-418B-AABE-E42D20EEFA48}"
EndProject
Project("{FAE04EC0-301F-11D3-BF4B-00C04F79EFBC}") = "MbWeb", "Extension\MbWeb\MbWeb.csproj", "{73A21C0B-84AD-475C-BEEE-0716FF1AC1DF}"
EndProject
Project("{FAE04EC0-301F-11D3-BF4B-00C04F79EFBC}") = "WebCoreLibrary", "Core\WebCoreLibrary\WebCoreLibrary.csproj", "{D28E6715-0CCA-48B5-8C45-8AE237CD2C76}"
EndProject
Global
	GlobalSection(SolutionConfigurationPlatforms) = preSolution
		Debug|Any CPU = Debug|Any CPU
		Release|Any CPU = Release|Any CPU
	EndGlobalSection
	GlobalSection(ProjectConfigurationPlatforms) = postSolution
		{99D16D43-8156-4D09-BF54-CCCF61F8C167}.Debug|Any CPU.ActiveCfg = Debug|Any CPU
		{99D16D43-8156-4D09-BF54-CCCF61F8C167}.Debug|Any CPU.Build.0 = Debug|Any CPU
		{99D16D43-8156-4D09-BF54-CCCF61F8C167}.Release|Any CPU.ActiveCfg = Release|Any CPU
		{99D16D43-8156-4D09-BF54-CCCF61F8C167}.Release|Any CPU.Build.0 = Release|Any CPU
		{1C66F20C-5FED-40AC-AD3C-72ADE186D381}.Debug|Any CPU.ActiveCfg = Debug|Any CPU
		{1C66F20C-5FED-40AC-AD3C-72ADE186D381}.Debug|Any CPU.Build.0 = Debug|Any CPU
		{1C66F20C-5FED-40AC-AD3C-72ADE186D381}.Release|Any CPU.ActiveCfg = Release|Any CPU
		{1C66F20C-5FED-40AC-AD3C-72ADE186D381}.Release|Any CPU.Build.0 = Release|Any CPU
		{693CFA1E-B50F-4A5D-86E0-E4BFAED9BC9D}.Debug|Any CPU.ActiveCfg = Debug|Any CPU
		{693CFA1E-B50F-4A5D-86E0-E4BFAED9BC9D}.Debug|Any CPU.Build.0 = Debug|Any CPU
		{693CFA1E-B50F-4A5D-86E0-E4BFAED9BC9D}.Release|Any CPU.ActiveCfg = Release|Any CPU
		{693CFA1E-B50F-4A5D-86E0-E4BFAED9BC9D}.Release|Any CPU.Build.0 = Release|Any CPU
		{8F2318E7-50C5-4C38-B212-E65874A481EC}.Debug|Any CPU.ActiveCfg = Debug|Any CPU
		{8F2318E7-50C5-4C38-B212-E65874A481EC}.Debug|Any CPU.Build.0 = Debug|Any CPU
		{8F2318E7-50C5-4C38-B212-E65874A481EC}.Release|Any CPU.ActiveCfg = Release|Any CPU
		{8F2318E7-50C5-4C38-B212-E65874A481EC}.Release|Any CPU.Build.0 = Release|Any CPU
		{53231E9D-E1BF-4DA7-B81D-127D1E83A45D}.Debug|Any CPU.ActiveCfg = Debug|Any CPU
		{53231E9D-E1BF-4DA7-B81D-127D1E83A45D}.Debug|Any CPU.Build.0 = Debug|Any CPU
		{53231E9D-E1BF-4DA7-B81D-127D1E83A45D}.Release|Any CPU.ActiveCfg = Release|Any CPU
		{53231E9D-E1BF-4DA7-B81D-127D1E83A45D}.Release|Any CPU.Build.0 = Release|Any CPU
		{3DD2CF0D-3C98-4C32-B505-13BCA6B0A6C7}.Debug|Any CPU.ActiveCfg = Debug|Any CPU
		{3DD2CF0D-3C98-4C32-B505-13BCA6B0A6C7}.Debug|Any CPU.Build.0 = Debug|Any CPU
		{3DD2CF0D-3C98-4C32-B505-13BCA6B0A6C7}.Release|Any CPU.ActiveCfg = Release|Any CPU
		{3DD2CF0D-3C98-4C32-B505-13BCA6B0A6C7}.Release|Any CPU.Build.0 = Release|Any CPU
		{F031B449-8440-44C9-AB9F-E1F4C4C44112}.Debug|Any CPU.ActiveCfg = Debug|Any CPU
		{F031B449-8440-44C9-AB9F-E1F4C4C44112}.Debug|Any CPU.Build.0 = Debug|Any CPU
		{F031B449-8440-44C9-AB9F-E1F4C4C44112}.Release|Any CPU.ActiveCfg = Release|Any CPU
		{F031B449-8440-44C9-AB9F-E1F4C4C44112}.Release|Any CPU.Build.0 = Release|Any CPU
		{6A9CFC51-D0C0-418B-AABE-E42D20EEFA48}.Debug|Any CPU.ActiveCfg = Debug|Any CPU
		{6A9CFC51-D0C0-418B-AABE-E42D20EEFA48}.Debug|Any CPU.Build.0 = Debug|Any CPU
		{6A9CFC51-D0C0-418B-AABE-E42D20EEFA48}.Release|Any CPU.ActiveCfg = Release|Any CPU
		{6A9CFC51-D0C0-418B-AABE-E42D20EEFA48}.Release|Any CPU.Build.0 = Release|Any CPU
		{73A21C0B-84AD-475C-BEEE-0716FF1AC1DF}.Debug|Any CPU.ActiveCfg = Debug|Any CPU
		{73A21C0B-84AD-475C-BEEE-0716FF1AC1DF}.Debug|Any CPU.Build.0 = Debug|Any CPU
		{73A21C0B-84AD-475C-BEEE-0716FF1AC1DF}.Release|Any CPU.ActiveCfg = Release|Any CPU
		{73A21C0B-84AD-475C-BEEE-0716FF1AC1DF}.Release|Any CPU.Build.0 = Release|Any CPU
		{D28E6715-0CCA-48B5-8C45-8AE237CD2C76}.Debug|Any CPU.ActiveCfg = Debug|Any CPU
		{D28E6715-0CCA-48B5-8C45-8AE237CD2C76}.Debug|Any CPU.Build.0 = Debug|Any CPU
		{D28E6715-0CCA-48B5-8C45-8AE237CD2C76}.Release|Any CPU.ActiveCfg = Release|Any CPU
		{D28E6715-0CCA-48B5-8C45-8AE237CD2C76}.Release|Any CPU.Build.0 = Release|Any CPU
	EndGlobalSection
	GlobalSection(SolutionProperties) = preSolution
		HideSolutionNode = FALSE
	EndGlobalSection
	GlobalSection(NestedProjects) = preSolution
		{99D16D43-8156-4D09-BF54-CCCF61F8C167} = {FB4EE67C-220C-49BF-B490-896639403C02}
		{1C66F20C-5FED-40AC-AD3C-72ADE186D381} = {FB4EE67C-220C-49BF-B490-896639403C02}
		{693CFA1E-B50F-4A5D-86E0-E4BFAED9BC9D} = {FB4EE67C-220C-49BF-B490-896639403C02}
		{8F2318E7-50C5-4C38-B212-E65874A481EC} = {FB4EE67C-220C-49BF-B490-896639403C02}
		{53231E9D-E1BF-4DA7-B81D-127D1E83A45D} = {46847E94-889E-45BA-ADD6-5B16223A0C92}
		{3DD2CF0D-3C98-4C32-B505-13BCA6B0A6C7} = {46847E94-889E-45BA-ADD6-5B16223A0C92}
		{6A9CFC51-D0C0-418B-AABE-E42D20EEFA48} = {C11FFCC4-A760-4E02-982A-BB5D03BB7E66}
		{73A21C0B-84AD-475C-BEEE-0716FF1AC1DF} = {46847E94-889E-45BA-ADD6-5B16223A0C92}
		{D28E6715-0CCA-48B5-8C45-8AE237CD2C76} = {FB4EE67C-220C-49BF-B490-896639403C02}
	EndGlobalSection
EndGlobal
